
Microsoft Visual Studio Solution File, Format Version 12.00
# Visual Studio Version 17
VisualStudioVersion = 17.3.32819.101
MinimumVisualStudioVersion = 10.0.40219.1
Project("{9A19103F-16F7-4668-BE54-9A1E7A4F7556}") = "WebAPI", "WebAPI\WebAPI.csproj", "{D5A41921-2D3C-4ADE-A52B-FE23E214455B}"
EndProject
Project("{2150E333-8FDC-42A3-9474-1A3956D46DE8}") = "Solution Items", "Solution Items", "{96362246-C356-4E21-9CE3-5E15C8E9D6D7}"
	ProjectSection(SolutionItems) = preProject
		CodeMaid.config = CodeMaid.config
		Flowchart-Tools-Design.md = Flowchart-Tools-Design.md
		Nuget.config = Nuget.config
		README.md = README.md
		T4M Code Rules.ruleset = T4M Code Rules.ruleset
	EndProjectSection
EndProject
Project("{2150E333-8FDC-42A3-9474-1A3956D46DE8}") = "Sites", "Sites", "{D484A780-A9CB-4155-A4A2-F942B868209F}"
EndProject
Project("{2150E333-8FDC-42A3-9474-1A3956D46DE8}") = "Libraries", "Libraries", "{6C120809-33F1-4DCF-86C9-2F68615E5598}"
EndProject
Project("{2150E333-8FDC-42A3-9474-1A3956D46DE8}") = "Tests", "Tests", "{4D2168E4-89DF-4D47-AC99-5CA689285A73}"
EndProject
Project("{2150E333-8FDC-42A3-9474-1A3956D46DE8}") = "Apps", "Apps", "{92266BDD-636F-4595-A05A-C78D2421188A}"
EndProject
Project("{9A19103F-16F7-4668-BE54-9A1E7A4F7556}") = "DesignerApp", "DesignerApp\DesignerApp.csproj", "{8A8C072E-7394-4393-8CAD-88264DAD3FCC}"
EndProject
Project("{9A19103F-16F7-4668-BE54-9A1E7A4F7556}") = "PortalApp", "PortalApp\PortalApp.csproj", "{8D6D58CD-7715-4C10-91D1-6C9263C38AA7}"
EndProject
Project("{9A19103F-16F7-4668-BE54-9A1E7A4F7556}") = "Tests.WebAPI", "Tests.WebAPI\Tests.WebAPI.csproj", "{ECC0AAC8-C4F8-4C59-A37F-B51791C37783}"
EndProject
Project("{9A19103F-16F7-4668-BE54-9A1E7A4F7556}") = "Lib.WebAPI", "Lib.WebAPI\Lib.WebAPI.csproj", "{28D0F306-C414-4F57-9958-7DC1AA31B382}"
EndProject
Project("{2150E333-8FDC-42A3-9474-1A3956D46DE8}") = "Infrastructure", "Infrastructure", "{0438EE1F-425B-49D4-9B1D-1D79F6084D1B}"
EndProject
Project("{E53339B2-1760-4266-BCC7-CA923CBCF16C}") = "docker-compose", "docker-compose.dcproj", "{30C2C5C2-EAA7-4F50-8237-5A2BCE6EF367}"
EndProject
Project("{9A19103F-16F7-4668-BE54-9A1E7A4F7556}") = "Lib.Athena", "Lib.Athena\Lib.Athena.csproj", "{DC839ADF-E7D5-4102-B477-DC3D088B7235}"
EndProject
Project("{2150E333-8FDC-42A3-9474-1A3956D46DE8}") = "Tools", "Tools", "{1B9A1241-FF4D-4CF0-A2FC-BCD2354622E6}"
EndProject
Project("{9A19103F-16F7-4668-BE54-9A1E7A4F7556}") = "AthenaQueryTool", "AthenaQueryTool\AthenaQueryTool.csproj", "{E30FEC67-C3EB-4C49-A408-03A967142F8F}"
EndProject
Project("{9A19103F-16F7-4668-BE54-9A1E7A4F7556}") = "Lib.Common", "Lib.Common\Lib.Common.csproj", "{32535514-87AC-45F2-8D15-F0CBE6F8F766}"
EndProject
Project("{9A19103F-16F7-4668-BE54-9A1E7A4F7556}") = "Lib.SampleData", "Lib.SampleData\Lib.SampleData.csproj", "{E0C0E4B5-DD84-4077-973C-E073FEA6C4EC}"
EndProject
Project("{9A19103F-16F7-4668-BE54-9A1E7A4F7556}") = "Lib.Annalect", "Lib.Annalect\Lib.Annalect.csproj", "{B3773E45-EE78-469C-B5BB-9E0A7C3240D5}"
EndProject
Project("{9A19103F-16F7-4668-BE54-9A1E7A4F7556}") = "Lib.Aurora", "Lib.Aurora\Lib.Aurora.csproj", "{54C32AE4-F502-4AA9-81B8-CFAF5D62FBD4}"
EndProject
Project("{FAE04EC0-301F-11D3-BF4B-00C04F79EFBC}") = "Lib.MediaopsToFlowChart", "Lib.MediaopsToFlowChart\Lib.MediaopsToFlowChart.csproj", "{E6DCF1F7-68D6-4949-978F-6D3931FFF3EE}"
EndProject
Global
	GlobalSection(SolutionConfigurationPlatforms) = preSolution
		Debug|Any CPU = Debug|Any CPU
		Release|Any CPU = Release|Any CPU
	EndGlobalSection
	GlobalSection(ProjectConfigurationPlatforms) = postSolution
		{D5A41921-2D3C-4ADE-A52B-FE23E214455B}.Debug|Any CPU.ActiveCfg = Debug|Any CPU
		{D5A41921-2D3C-4ADE-A52B-FE23E214455B}.Debug|Any CPU.Build.0 = Debug|Any CPU
		{D5A41921-2D3C-4ADE-A52B-FE23E214455B}.Release|Any CPU.ActiveCfg = Release|Any CPU
		{D5A41921-2D3C-4ADE-A52B-FE23E214455B}.Release|Any CPU.Build.0 = Release|Any CPU
		{8A8C072E-7394-4393-8CAD-88264DAD3FCC}.Debug|Any CPU.ActiveCfg = Debug|Any CPU
		{8A8C072E-7394-4393-8CAD-88264DAD3FCC}.Debug|Any CPU.Build.0 = Debug|Any CPU
		{8A8C072E-7394-4393-8CAD-88264DAD3FCC}.Release|Any CPU.ActiveCfg = Release|Any CPU
		{8A8C072E-7394-4393-8CAD-88264DAD3FCC}.Release|Any CPU.Build.0 = Release|Any CPU
		{8D6D58CD-7715-4C10-91D1-6C9263C38AA7}.Debug|Any CPU.ActiveCfg = Debug|Any CPU
		{8D6D58CD-7715-4C10-91D1-6C9263C38AA7}.Debug|Any CPU.Build.0 = Debug|Any CPU
		{8D6D58CD-7715-4C10-91D1-6C9263C38AA7}.Release|Any CPU.ActiveCfg = Release|Any CPU
		{8D6D58CD-7715-4C10-91D1-6C9263C38AA7}.Release|Any CPU.Build.0 = Release|Any CPU
		{ECC0AAC8-C4F8-4C59-A37F-B51791C37783}.Debug|Any CPU.ActiveCfg = Debug|Any CPU
		{ECC0AAC8-C4F8-4C59-A37F-B51791C37783}.Debug|Any CPU.Build.0 = Debug|Any CPU
		{ECC0AAC8-C4F8-4C59-A37F-B51791C37783}.Release|Any CPU.ActiveCfg = Release|Any CPU
		{ECC0AAC8-C4F8-4C59-A37F-B51791C37783}.Release|Any CPU.Build.0 = Release|Any CPU
		{28D0F306-C414-4F57-9958-7DC1AA31B382}.Debug|Any CPU.ActiveCfg = Debug|Any CPU
		{28D0F306-C414-4F57-9958-7DC1AA31B382}.Debug|Any CPU.Build.0 = Debug|Any CPU
		{28D0F306-C414-4F57-9958-7DC1AA31B382}.Release|Any CPU.ActiveCfg = Release|Any CPU
		{28D0F306-C414-4F57-9958-7DC1AA31B382}.Release|Any CPU.Build.0 = Release|Any CPU
		{30C2C5C2-EAA7-4F50-8237-5A2BCE6EF367}.Debug|Any CPU.ActiveCfg = Debug|Any CPU
		{30C2C5C2-EAA7-4F50-8237-5A2BCE6EF367}.Debug|Any CPU.Build.0 = Debug|Any CPU
		{30C2C5C2-EAA7-4F50-8237-5A2BCE6EF367}.Release|Any CPU.ActiveCfg = Release|Any CPU
		{30C2C5C2-EAA7-4F50-8237-5A2BCE6EF367}.Release|Any CPU.Build.0 = Release|Any CPU
		{DC839ADF-E7D5-4102-B477-DC3D088B7235}.Debug|Any CPU.ActiveCfg = Debug|Any CPU
		{DC839ADF-E7D5-4102-B477-DC3D088B7235}.Debug|Any CPU.Build.0 = Debug|Any CPU
		{DC839ADF-E7D5-4102-B477-DC3D088B7235}.Release|Any CPU.ActiveCfg = Release|Any CPU
		{DC839ADF-E7D5-4102-B477-DC3D088B7235}.Release|Any CPU.Build.0 = Release|Any CPU
		{E30FEC67-C3EB-4C49-A408-03A967142F8F}.Debug|Any CPU.ActiveCfg = Debug|Any CPU
		{E30FEC67-C3EB-4C49-A408-03A967142F8F}.Debug|Any CPU.Build.0 = Debug|Any CPU
		{E30FEC67-C3EB-4C49-A408-03A967142F8F}.Release|Any CPU.ActiveCfg = Release|Any CPU
		{E30FEC67-C3EB-4C49-A408-03A967142F8F}.Release|Any CPU.Build.0 = Release|Any CPU
		{32535514-87AC-45F2-8D15-F0CBE6F8F766}.Debug|Any CPU.ActiveCfg = Debug|Any CPU
		{32535514-87AC-45F2-8D15-F0CBE6F8F766}.Debug|Any CPU.Build.0 = Debug|Any CPU
		{32535514-87AC-45F2-8D15-F0CBE6F8F766}.Release|Any CPU.ActiveCfg = Release|Any CPU
		{32535514-87AC-45F2-8D15-F0CBE6F8F766}.Release|Any CPU.Build.0 = Release|Any CPU
		{E0C0E4B5-DD84-4077-973C-E073FEA6C4EC}.Debug|Any CPU.ActiveCfg = Debug|Any CPU
		{E0C0E4B5-DD84-4077-973C-E073FEA6C4EC}.Debug|Any CPU.Build.0 = Debug|Any CPU
		{E0C0E4B5-DD84-4077-973C-E073FEA6C4EC}.Release|Any CPU.ActiveCfg = Release|Any CPU
		{E0C0E4B5-DD84-4077-973C-E073FEA6C4EC}.Release|Any CPU.Build.0 = Release|Any CPU
		{B3773E45-EE78-469C-B5BB-9E0A7C3240D5}.Debug|Any CPU.ActiveCfg = Debug|Any CPU
		{B3773E45-EE78-469C-B5BB-9E0A7C3240D5}.Debug|Any CPU.Build.0 = Debug|Any CPU
		{B3773E45-EE78-469C-B5BB-9E0A7C3240D5}.Release|Any CPU.ActiveCfg = Release|Any CPU
		{B3773E45-EE78-469C-B5BB-9E0A7C3240D5}.Release|Any CPU.Build.0 = Release|Any CPU
		{54C32AE4-F502-4AA9-81B8-CFAF5D62FBD4}.Debug|Any CPU.ActiveCfg = Debug|Any CPU
		{54C32AE4-F502-4AA9-81B8-CFAF5D62FBD4}.Debug|Any CPU.Build.0 = Debug|Any CPU
		{54C32AE4-F502-4AA9-81B8-CFAF5D62FBD4}.Release|Any CPU.ActiveCfg = Release|Any CPU
		{54C32AE4-F502-4AA9-81B8-CFAF5D62FBD4}.Release|Any CPU.Build.0 = Release|Any CPU
		{E6DCF1F7-68D6-4949-978F-6D3931FFF3EE}.Debug|Any CPU.ActiveCfg = Debug|Any CPU
		{E6DCF1F7-68D6-4949-978F-6D3931FFF3EE}.Debug|Any CPU.Build.0 = Debug|Any CPU
		{E6DCF1F7-68D6-4949-978F-6D3931FFF3EE}.Release|Any CPU.ActiveCfg = Release|Any CPU
		{E6DCF1F7-68D6-4949-978F-6D3931FFF3EE}.Release|Any CPU.Build.0 = Release|Any CPU
	EndGlobalSection
	GlobalSection(SolutionProperties) = preSolution
		HideSolutionNode = FALSE
	EndGlobalSection
	GlobalSection(NestedProjects) = preSolution
		{D5A41921-2D3C-4ADE-A52B-FE23E214455B} = {D484A780-A9CB-4155-A4A2-F942B868209F}
		{8A8C072E-7394-4393-8CAD-88264DAD3FCC} = {92266BDD-636F-4595-A05A-C78D2421188A}
		{8D6D58CD-7715-4C10-91D1-6C9263C38AA7} = {92266BDD-636F-4595-A05A-C78D2421188A}
		{ECC0AAC8-C4F8-4C59-A37F-B51791C37783} = {4D2168E4-89DF-4D47-AC99-5CA689285A73}
		{28D0F306-C414-4F57-9958-7DC1AA31B382} = {6C120809-33F1-4DCF-86C9-2F68615E5598}
		{30C2C5C2-EAA7-4F50-8237-5A2BCE6EF367} = {0438EE1F-425B-49D4-9B1D-1D79F6084D1B}
		{DC839ADF-E7D5-4102-B477-DC3D088B7235} = {6C120809-33F1-4DCF-86C9-2F68615E5598}
		{E30FEC67-C3EB-4C49-A408-03A967142F8F} = {1B9A1241-FF4D-4CF0-A2FC-BCD2354622E6}
		{32535514-87AC-45F2-8D15-F0CBE6F8F766} = {6C120809-33F1-4DCF-86C9-2F68615E5598}
		{E0C0E4B5-DD84-4077-973C-E073FEA6C4EC} = {6C120809-33F1-4DCF-86C9-2F68615E5598}
		{B3773E45-EE78-469C-B5BB-9E0A7C3240D5} = {6C120809-33F1-4DCF-86C9-2F68615E5598}
		{54C32AE4-F502-4AA9-81B8-CFAF5D62FBD4} = {6C120809-33F1-4DCF-86C9-2F68615E5598}
		{E6DCF1F7-68D6-4949-978F-6D3931FFF3EE} = {6C120809-33F1-4DCF-86C9-2F68615E5598}
	EndGlobalSection
	GlobalSection(ExtensibilityGlobals) = postSolution
		SolutionGuid = {AC893B37-BAE3-42BD-82CB-68205D4708E6}
	EndGlobalSection
EndGlobal
